
Microsoft Visual Studio Solution File, Format Version 12.00
# Visual Studio Version 16
VisualStudioVersion = 16.0.31410.357
MinimumVisualStudioVersion = 10.0.40219.1
Project("{FAE04EC0-301F-11D3-BF4B-00C04F79EFBC}") = "AutocompleteWithAsp", "AutocompleteWithAsp\AutocompleteWithAsp.csproj", "{38FCA70F-2956-45D0-A157-2A06D863FBDD}"
EndProject
Global
	GlobalSection(SolutionConfigurationPlatforms) = preSolution
		Debug|Any CPU = Debug|Any CPU
		Release|Any CPU = Release|Any CPU
	EndGlobalSection
	GlobalSection(ProjectConfigurationPlatforms) = postSolution
		{38FCA70F-2956-45D0-A157-2A06D863FBDD}.Debug|Any CPU.ActiveCfg = Debug|Any CPU
		{38FCA70F-2956-45D0-A157-2A06D863FBDD}.Debug|Any CPU.Build.0 = Debug|Any CPU
		{38FCA70F-2956-45D0-A157-2A06D863FBDD}.Release|Any CPU.ActiveCfg = Release|Any CPU
		{38FCA70F-2956-45D0-A157-2A06D863FBDD}.Release|Any CPU.Build.0 = Release|Any CPU
	EndGlobalSection
	GlobalSection(SolutionProperties) = preSolution
		HideSolutionNode = FALSE
	EndGlobalSection
	GlobalSection(ExtensibilityGlobals) = postSolution
		SolutionGuid = {DC87BA5F-3774-4FBA-AB15-C4035734D42F}
	EndGlobalSection
EndGlobal
